
Microsoft Visual Studio Solution File, Format Version 12.00
# Visual Studio Version 17
VisualStudioVersion = 17.2.32616.157
MinimumVisualStudioVersion = 10.0.40219.1
Project("{FAE04EC0-301F-11D3-BF4B-00C04F79EFBC}") = "ConsoleApp1", "ConsoleApp1\ConsoleApp1.csproj", "{E3DCE3B3-5C7D-47C8-8573-A9F905C08594}"
EndProject
Global
	GlobalSection(SolutionConfigurationPlatforms) = preSolution
		Debug|Any CPU = Debug|Any CPU
		Release|Any CPU = Release|Any CPU
	EndGlobalSection
	GlobalSection(ProjectConfigurationPlatforms) = postSolution
		{E3DCE3B3-5C7D-47C8-8573-A9F905C08594}.Debug|Any CPU.ActiveCfg = Debug|Any CPU
		{E3DCE3B3-5C7D-47C8-8573-A9F905C08594}.Debug|Any CPU.Build.0 = Debug|Any CPU
		{E3DCE3B3-5C7D-47C8-8573-A9F905C08594}.Release|Any CPU.ActiveCfg = Release|Any CPU
		{E3DCE3B3-5C7D-47C8-8573-A9F905C08594}.Release|Any CPU.Build.0 = Release|Any CPU
	EndGlobalSection
	GlobalSection(SolutionProperties) = preSolution
		HideSolutionNode = FALSE
	EndGlobalSection
	GlobalSection(ExtensibilityGlobals) = postSolution
		SolutionGuid = {F0CC4017-1838-4515-9708-135CDDAEF255}
	EndGlobalSection
EndGlobal
