
Microsoft Visual Studio Solution File, Format Version 12.00
# Visual Studio Version 17
VisualStudioVersion = 17.2.32616.157
MinimumVisualStudioVersion = 10.0.40219.1
Project("{FAE04EC0-301F-11D3-BF4B-00C04F79EFBC}") = "ConsoleApp4", "ConsoleApp4\ConsoleApp4.csproj", "{8EFAD92D-E65F-4B08-9B8C-554FDFDE355E}"
EndProject
Global
	GlobalSection(SolutionConfigurationPlatforms) = preSolution
		Debug|Any CPU = Debug|Any CPU
		Release|Any CPU = Release|Any CPU
	EndGlobalSection
	GlobalSection(ProjectConfigurationPlatforms) = postSolution
		{8EFAD92D-E65F-4B08-9B8C-554FDFDE355E}.Debug|Any CPU.ActiveCfg = Debug|Any CPU
		{8EFAD92D-E65F-4B08-9B8C-554FDFDE355E}.Debug|Any CPU.Build.0 = Debug|Any CPU
		{8EFAD92D-E65F-4B08-9B8C-554FDFDE355E}.Release|Any CPU.ActiveCfg = Release|Any CPU
		{8EFAD92D-E65F-4B08-9B8C-554FDFDE355E}.Release|Any CPU.Build.0 = Release|Any CPU
	EndGlobalSection
	GlobalSection(SolutionProperties) = preSolution
		HideSolutionNode = FALSE
	EndGlobalSection
	GlobalSection(ExtensibilityGlobals) = postSolution
		SolutionGuid = {2EDE45D2-FA94-4328-8AFD-DCF04771E238}
	EndGlobalSection
EndGlobal
